
Microsoft Visual Studio Solution File, Format Version 12.00
# Visual Studio Version 16
VisualStudioVersion = 16.0.31624.102
MinimumVisualStudioVersion = 10.0.40219.1
Project("{9A19103F-16F7-4668-BE54-9A1E7A4F7556}") = "MilkTea", "MilkTea\MilkTea.csproj", "{D99805B5-4A22-4977-B4CD-EC5C6ACBC67F}"
EndProject
Project("{2150E333-8FDC-42A3-9474-1A3956D46DE8}") = "Solution Items", "Solution Items", "{72D3AD83-E644-4E46-8250-45A0A6A4B1E7}"
	ProjectSection(SolutionItems) = preProject
		README.md = README.md
	EndProjectSection
EndProject
Global
	GlobalSection(SolutionConfigurationPlatforms) = preSolution
		Debug|Any CPU = Debug|Any CPU
		Release|Any CPU = Release|Any CPU
	EndGlobalSection
	GlobalSection(ProjectConfigurationPlatforms) = postSolution
		{D99805B5-4A22-4977-B4CD-EC5C6ACBC67F}.Debug|Any CPU.ActiveCfg = Debug|Any CPU
		{D99805B5-4A22-4977-B4CD-EC5C6ACBC67F}.Debug|Any CPU.Build.0 = Debug|Any CPU
		{D99805B5-4A22-4977-B4CD-EC5C6ACBC67F}.Release|Any CPU.ActiveCfg = Release|Any CPU
		{D99805B5-4A22-4977-B4CD-EC5C6ACBC67F}.Release|Any CPU.Build.0 = Release|Any CPU
	EndGlobalSection
	GlobalSection(SolutionProperties) = preSolution
		HideSolutionNode = FALSE
	EndGlobalSection
	GlobalSection(ExtensibilityGlobals) = postSolution
		SolutionGuid = {500B5AC1-899C-458F-B476-098C486BC50A}
	EndGlobalSection
EndGlobal
